
Microsoft Visual Studio Solution File, Format Version 12.00
# Visual Studio 2013
VisualStudioVersion = 12.0.31101.0
MinimumVisualStudioVersion = 10.0.40219.1
Project("{FAE04EC0-301F-11D3-BF4B-00C04F79EFBC}") = "AdoraSprint1", "ModernUIForWPFSample.WithoutBackButton\AdoraSprint1.csproj", "{1DAC6CF2-3450-47A5-9D24-0513873B4428}"
EndProject
Project("{2150E333-8FDC-42A3-9474-1A3956D46DE8}") = ".nuget", ".nuget", "{DC002797-B4E9-418F-9914-50E16E20874D}"
	ProjectSection(SolutionItems) = preProject
		.nuget\NuGet.Config = .nuget\NuGet.Config
		.nuget\NuGet.exe = .nuget\NuGet.exe
		.nuget\NuGet.targets = .nuget\NuGet.targets
	EndProjectSection
EndProject
Global
	GlobalSection(SolutionConfigurationPlatforms) = preSolution
		CD_ROM|Any CPU = CD_ROM|Any CPU
		Debug|Any CPU = Debug|Any CPU
		DVD-5|Any CPU = DVD-5|Any CPU
		Release|Any CPU = Release|Any CPU
		SingleImage|Any CPU = SingleImage|Any CPU
	EndGlobalSection
	GlobalSection(ProjectConfigurationPlatforms) = postSolution
		{1DAC6CF2-3450-47A5-9D24-0513873B4428}.CD_ROM|Any CPU.ActiveCfg = Release|Any CPU
		{1DAC6CF2-3450-47A5-9D24-0513873B4428}.CD_ROM|Any CPU.Build.0 = Release|Any CPU
		{1DAC6CF2-3450-47A5-9D24-0513873B4428}.Debug|Any CPU.ActiveCfg = Debug|Any CPU
		{1DAC6CF2-3450-47A5-9D24-0513873B4428}.Debug|Any CPU.Build.0 = Debug|Any CPU
		{1DAC6CF2-3450-47A5-9D24-0513873B4428}.DVD-5|Any CPU.ActiveCfg = Debug|Any CPU
		{1DAC6CF2-3450-47A5-9D24-0513873B4428}.DVD-5|Any CPU.Build.0 = Debug|Any CPU
		{1DAC6CF2-3450-47A5-9D24-0513873B4428}.Release|Any CPU.ActiveCfg = Release|Any CPU
		{1DAC6CF2-3450-47A5-9D24-0513873B4428}.Release|Any CPU.Build.0 = Release|Any CPU
		{1DAC6CF2-3450-47A5-9D24-0513873B4428}.SingleImage|Any CPU.ActiveCfg = Release|Any CPU
		{1DAC6CF2-3450-47A5-9D24-0513873B4428}.SingleImage|Any CPU.Build.0 = Release|Any CPU
	EndGlobalSection
	GlobalSection(SolutionProperties) = preSolution
		HideSolutionNode = FALSE
	EndGlobalSection
EndGlobal
